# This file is automatically @generated by Cargo.
# It is not intended for manual editing.
version = 4

[[package]]
name = "parsimony-bench"
version = "0.1.0"

[[package]]
name = "parsimony-cli"
version = "0.1.0"

[[package]]
name = "parsimony-core"
version = "0.1.0"

[[package]]
name = "parsimony-spatial"
version = "0.1.0"
